
Microsoft Visual Studio Solution File, Format Version 12.00
# Visual Studio Version 17
VisualStudioVersion = 17.9.34728.123
MinimumVisualStudioVersion = 10.0.40219.1
Project("{FAE04EC0-301F-11D3-BF4B-00C04F79EFBC}") = "WpfApp5", "WpfApp5\WpfApp5.csproj", "{79C4C3B3-27AC-4D36-A814-B20809243BC2}"
EndProject
Global
	GlobalSection(SolutionConfigurationPlatforms) = preSolution
		Debug|Any CPU = Debug|Any CPU
		Release|Any CPU = Release|Any CPU
	EndGlobalSection
	GlobalSection(ProjectConfigurationPlatforms) = postSolution
		{79C4C3B3-27AC-4D36-A814-B20809243BC2}.Debug|Any CPU.ActiveCfg = Debug|Any CPU
		{79C4C3B3-27AC-4D36-A814-B20809243BC2}.Debug|Any CPU.Build.0 = Debug|Any CPU
		{79C4C3B3-27AC-4D36-A814-B20809243BC2}.Release|Any CPU.ActiveCfg = Release|Any CPU
		{79C4C3B3-27AC-4D36-A814-B20809243BC2}.Release|Any CPU.Build.0 = Release|Any CPU
	EndGlobalSection
	GlobalSection(SolutionProperties) = preSolution
		HideSolutionNode = FALSE
	EndGlobalSection
	GlobalSection(ExtensibilityGlobals) = postSolution
		SolutionGuid = {F5AACED2-C025-492B-A0D8-B0B9B7FDAF96}
	EndGlobalSection
EndGlobal
